{
  "name": "save-all",
  "version": "1.0.0",
  "lockfileVersion": 3,
  "requires": true,
  "packages": {
    "": {
      "name": "save-all",
      "version": "1.0.0",
      "license": "ISC",
      "dependencies": {
        "diff-so-fancy": "^1.4.12"
      }
    },
    "node_modules/diff-so-fancy": {
      "version": "1.4.12",
      "resolved": "https://registry.npmjs.org/diff-so-fancy/-/diff-so-fancy-1.4.12.tgz",
      "integrity": "sha512-TnubA0DhDSjPj/ULxLX25oBhZIniCGBbG+aUhp94XzF7GkQt8i5P6pFoHEoJbt867RIVjlR+3KMVoEvLp9vMgA==",
      "license": "MIT",
      "bin": {
        "diff-so-fancy": "dist/diff-so-fancy"
      }
    }
  }
}
